{
  "name": "newsl",
  "version": "1.0.0",
  "lockfileVersion": 1,
  "requires": true,
  "dependencies": {
    "newsl-validator": {
      "version": "1.0.3",
      "resolved": "https://registry.npmjs.org/newsl-validator/-/newsl-validator-1.0.3.tgz",
      "integrity": "sha512-t/EGlnmfLL6uZrT2sV/Tb7Mb5FJ/cZvrj9Ydz0YMve8riv6PVCS0Q6J4ny/FpuSYKqIhvmR0c0MnkE6l0BYy+g=="
    }
  }
}
