{
  "name": "newsl",
  "version": "1.0.0",
  "lockfileVersion": 1,
  "requires": true,
  "dependencies": {
    "newsl-validator": {
      "version": "1.0.4",
      "resolved": "https://registry.npmjs.org/newsl-validator/-/newsl-validator-1.0.4.tgz",
      "integrity": "sha512-OMnV69+t60JZA701QB6x99gAAQWFXsBYmlCU0MbkqdwSewiiwMcfwPQgjEAQhQvcZ7SV0AWzjnzRzSCMn4mZhQ=="
    }
  }
}
